
Microsoft Visual Studio Solution File, Format Version 12.00
# Visual Studio Version 17
VisualStudioVersion = 17.12.35506.116
MinimumVisualStudioVersion = 10.0.40219.1
Project("{9A19103F-16F7-4668-BE54-9A1E7A4F7556}") = "NeoFreecam", "SkibidiFreecam\NeoFreecam.csproj", "{791A08F9-D302-4C44-805C-F0EC607ECCBD}"
EndProject
Global
	GlobalSection(SolutionConfigurationPlatforms) = preSolution
		Debug|Any CPU = Debug|Any CPU
		Release|Any CPU = Release|Any CPU
	EndGlobalSection
	GlobalSection(ProjectConfigurationPlatforms) = postSolution
		{791A08F9-D302-4C44-805C-F0EC607ECCBD}.Debug|Any CPU.ActiveCfg = Debug|Any CPU
		{791A08F9-D302-4C44-805C-F0EC607ECCBD}.Debug|Any CPU.Build.0 = Debug|Any CPU
		{791A08F9-D302-4C44-805C-F0EC607ECCBD}.Release|Any CPU.ActiveCfg = Release|Any CPU
		{791A08F9-D302-4C44-805C-F0EC607ECCBD}.Release|Any CPU.Build.0 = Release|Any CPU
	EndGlobalSection
	GlobalSection(SolutionProperties) = preSolution
		HideSolutionNode = FALSE
	EndGlobalSection
	GlobalSection(ExtensibilityGlobals) = postSolution
		SolutionGuid = {05F5C1CB-A7FA-4B25-8EBE-F34E76C4F8F3}
	EndGlobalSection
EndGlobal
